// !$*UTF8*$!
{
	archiveVersion = 1;
	classes = {
	};
	objectVersion = 50;
	objects = {

/* Begin PBXBuildFile section */
		600CE6C0C7580C15DABD4421 /* Pods_chatUITests.framework in Frameworks */ = {isa = PBXBuildFile; fileRef = 3A1B06E641ED83426E4F0154 /* Pods_chatUITests.framework */; };
		8326BF9E21F90FCF00AD86E3 /* AppDelegate.swift in Sources */ = {isa = PBXBuildFile; fileRef = 8326BF9D21F90FCF00AD86E3 /* AppDelegate.swift */; };
		8326BFA021F90FCF00AD86E3 /* ChatViewController.swift in Sources */ = {isa = PBXBuildFile; fileRef = 8326BF9F21F90FCF00AD86E3 /* ChatViewController.swift */; };
		8326BFA321F90FCF00AD86E3 /* Main.storyboard in Resources */ = {isa = PBXBuildFile; fileRef = 8326BFA121F90FCF00AD86E3 /* Main.storyboard */; };
		8326BFA521F90FD100AD86E3 /* Assets.xcassets in Resources */ = {isa = PBXBuildFile; fileRef = 8326BFA421F90FD100AD86E3 /* Assets.xcassets */; };
		8326BFA821F90FD100AD86E3 /* LaunchScreen.storyboard in Resources */ = {isa = PBXBuildFile; fileRef = 8326BFA621F90FD100AD86E3 /* LaunchScreen.storyboard */; };
		8326BFB321F90FD100AD86E3 /* chatTests.swift in Sources */ = {isa = PBXBuildFile; fileRef = 8326BFB221F90FD100AD86E3 /* chatTests.swift */; };
		8326BFBE21F90FD100AD86E3 /* chatUITests.swift in Sources */ = {isa = PBXBuildFile; fileRef = 8326BFBD21F90FD100AD86E3 /* chatUITests.swift */; };
		8326BFCC21F93B1700AD86E3 /* SignUpViewController.swift in Sources */ = {isa = PBXBuildFile; fileRef = 8326BFCB21F93B1700AD86E3 /* SignUpViewController.swift */; };
		835568A221F9B7B90023AC98 /* GoogleService-Info.plist in Resources */ = {isa = PBXBuildFile; fileRef = 835568A121F9B7B90023AC98 /* GoogleService-Info.plist */; };
		835568A621FA28D50023AC98 /* UsernameViewController.swift in Sources */ = {isa = PBXBuildFile; fileRef = 835568A521FA28D50023AC98 /* UsernameViewController.swift */; };
		835568A821FA28EE0023AC98 /* SettingsViewController.swift in Sources */ = {isa = PBXBuildFile; fileRef = 835568A721FA28EE0023AC98 /* SettingsViewController.swift */; };
		835568B421FA348D0023AC98 /* LogInViewController.swift in Sources */ = {isa = PBXBuildFile; fileRef = 835568B321FA348D0023AC98 /* LogInViewController.swift */; };
		9EBAEFE57A3F8766D74B0C7E /* Pods_chatTests.framework in Frameworks */ = {isa = PBXBuildFile; fileRef = 48663CD51FC61BBC7F990E63 /* Pods_chatTests.framework */; };
		BFAA5FE5C90E6B9CD855D266 /* Pods_chat.framework in Frameworks */ = {isa = PBXBuildFile; fileRef = 212562AB09D4F8871593B01B /* Pods_chat.framework */; };
/* End PBXBuildFile section */

/* Begin PBXContainerItemProxy section */
		8326BFAF21F90FD100AD86E3 /* PBXContainerItemProxy */ = {
			isa = PBXContainerItemProxy;
			containerPortal = 8326BF9221F90FCF00AD86E3 /* Project object */;
			proxyType = 1;
			remoteGlobalIDString = 8326BF9921F90FCF00AD86E3;
			remoteInfo = chat;
		};
		8326BFBA21F90FD100AD86E3 /* PBXContainerItemProxy */ = {
			isa = PBXContainerItemProxy;
			containerPortal = 8326BF9221F90FCF00AD86E3 /* Project object */;
			proxyType = 1;
			remoteGlobalIDString = 8326BF9921F90FCF00AD86E3;
			remoteInfo = chat;
		};
/* End PBXContainerItemProxy section */

/* Begin PBXFileReference section */
		02AD23EB2D4B688ED9749390 /* Pods-chatUITests.release.xcconfig */ = {isa = PBXFileReference; includeInIndex = 1; lastKnownFileType = text.xcconfig; name = "Pods-chatUITests.release.xcconfig"; path = "Pods/Target Support Files/Pods-chatUITests/Pods-chatUITests.release.xcconfig"; sourceTree = "<group>"; };
		212562AB09D4F8871593B01B /* Pods_chat.framework */ = {isa = PBXFileReference; explicitFileType = wrapper.framework; includeInIndex = 0; path = Pods_chat.framework; sourceTree = BUILT_PRODUCTS_DIR; };
		266C265FBFB38C95F451EF74 /* Pods-chatUITests.debug.xcconfig */ = {isa = PBXFileReference; includeInIndex = 1; lastKnownFileType = text.xcconfig; name = "Pods-chatUITests.debug.xcconfig"; path = "Pods/Target Support Files/Pods-chatUITests/Pods-chatUITests.debug.xcconfig"; sourceTree = "<group>"; };
		359C62D2C78FB07C22880731 /* Pods-chat.release.xcconfig */ = {isa = PBXFileReference; includeInIndex = 1; lastKnownFileType = text.xcconfig; name = "Pods-chat.release.xcconfig"; path = "Pods/Target Support Files/Pods-chat/Pods-chat.release.xcconfig"; sourceTree = "<group>"; };
		3A1B06E641ED83426E4F0154 /* Pods_chatUITests.framework */ = {isa = PBXFileReference; explicitFileType = wrapper.framework; includeInIndex = 0; path = Pods_chatUITests.framework; sourceTree = BUILT_PRODUCTS_DIR; };
		48663CD51FC61BBC7F990E63 /* Pods_chatTests.framework */ = {isa = PBXFileReference; explicitFileType = wrapper.framework; includeInIndex = 0; path = Pods_chatTests.framework; sourceTree = BUILT_PRODUCTS_DIR; };
		6C2B2208CCCF0AD8AF1B2269 /* Pods-chatTests.release.xcconfig */ = {isa = PBXFileReference; includeInIndex = 1; lastKnownFileType = text.xcconfig; name = "Pods-chatTests.release.xcconfig"; path = "Pods/Target Support Files/Pods-chatTests/Pods-chatTests.release.xcconfig"; sourceTree = "<group>"; };
		7764D0614D5A1364B68E2884 /* Pods-chatTests.debug.xcconfig */ = {isa = PBXFileReference; includeInIndex = 1; lastKnownFileType = text.xcconfig; name = "Pods-chatTests.debug.xcconfig"; path = "Pods/Target Support Files/Pods-chatTests/Pods-chatTests.debug.xcconfig"; sourceTree = "<group>"; };
		8326BF9A21F90FCF00AD86E3 /* chat.app */ = {isa = PBXFileReference; explicitFileType = wrapper.application; includeInIndex = 0; path = chat.app; sourceTree = BUILT_PRODUCTS_DIR; };
		8326BF9D21F90FCF00AD86E3 /* AppDelegate.swift */ = {isa = PBXFileReference; lastKnownFileType = sourcecode.swift; path = AppDelegate.swift; sourceTree = "<group>"; };
		8326BF9F21F90FCF00AD86E3 /* ChatViewController.swift */ = {isa = PBXFileReference; lastKnownFileType = sourcecode.swift; path = ChatViewController.swift; sourceTree = "<group>"; };
		8326BFA221F90FCF00AD86E3 /* Base */ = {isa = PBXFileReference; lastKnownFileType = file.storyboard; name = Base; path = Base.lproj/Main.storyboard; sourceTree = "<group>"; };
		8326BFA421F90FD100AD86E3 /* Assets.xcassets */ = {isa = PBXFileReference; lastKnownFileType = folder.assetcatalog; path = Assets.xcassets; sourceTree = "<group>"; };
		8326BFA721F90FD100AD86E3 /* Base */ = {isa = PBXFileReference; lastKnownFileType = file.storyboard; name = Base; path = Base.lproj/LaunchScreen.storyboard; sourceTree = "<group>"; };
		8326BFA921F90FD100AD86E3 /* Info.plist */ = {isa = PBXFileReference; lastKnownFileType = text.plist.xml; path = Info.plist; sourceTree = "<group>"; };
		8326BFAE21F90FD100AD86E3 /* chatTests.xctest */ = {isa = PBXFileReference; explicitFileType = wrapper.cfbundle; includeInIndex = 0; path = chatTests.xctest; sourceTree = BUILT_PRODUCTS_DIR; };
		8326BFB221F90FD100AD86E3 /* chatTests.swift */ = {isa = PBXFileReference; lastKnownFileType = sourcecode.swift; path = chatTests.swift; sourceTree = "<group>"; };
		8326BFB421F90FD100AD86E3 /* Info.plist */ = {isa = PBXFileReference; lastKnownFileType = text.plist.xml; path = Info.plist; sourceTree = "<group>"; };
		8326BFB921F90FD100AD86E3 /* chatUITests.xctest */ = {isa = PBXFileReference; explicitFileType = wrapper.cfbundle; includeInIndex = 0; path = chatUITests.xctest; sourceTree = BUILT_PRODUCTS_DIR; };
		8326BFBD21F90FD100AD86E3 /* chatUITests.swift */ = {isa = PBXFileReference; lastKnownFileType = sourcecode.swift; path = chatUITests.swift; sourceTree = "<group>"; };
		8326BFBF21F90FD100AD86E3 /* Info.plist */ = {isa = PBXFileReference; lastKnownFileType = text.plist.xml; path = Info.plist; sourceTree = "<group>"; };
		8326BFCB21F93B1700AD86E3 /* SignUpViewController.swift */ = {isa = PBXFileReference; lastKnownFileType = sourcecode.swift; path = SignUpViewController.swift; sourceTree = "<group>"; };
		835568A121F9B7B90023AC98 /* GoogleService-Info.plist */ = {isa = PBXFileReference; fileEncoding = 4; lastKnownFileType = text.plist.xml; path = "GoogleService-Info.plist"; sourceTree = "<group>"; };
		835568A521FA28D50023AC98 /* UsernameViewController.swift */ = {isa = PBXFileReference; lastKnownFileType = sourcecode.swift; path = UsernameViewController.swift; sourceTree = "<group>"; };
		835568A721FA28EE0023AC98 /* SettingsViewController.swift */ = {isa = PBXFileReference; lastKnownFileType = sourcecode.swift; path = SettingsViewController.swift; sourceTree = "<group>"; };
		835568B321FA348D0023AC98 /* LogInViewController.swift */ = {isa = PBXFileReference; lastKnownFileType = sourcecode.swift; path = LogInViewController.swift; sourceTree = "<group>"; };
		8B2A16879B88DAED7EB4B531 /* Pods-chat.debug.xcconfig */ = {isa = PBXFileReference; includeInIndex = 1; lastKnownFileType = text.xcconfig; name = "Pods-chat.debug.xcconfig"; path = "Pods/Target Support Files/Pods-chat/Pods-chat.debug.xcconfig"; sourceTree = "<group>"; };
/* End PBXFileReference section */

/* Begin PBXFrameworksBuildPhase section */
		8326BF9721F90FCF00AD86E3 /* Frameworks */ = {
			isa = PBXFrameworksBuildPhase;
			buildActionMask = 2147483647;
			files = (
				BFAA5FE5C90E6B9CD855D266 /* Pods_chat.framework in Frameworks */,
			);
			runOnlyForDeploymentPostprocessing = 0;
		};
		8326BFAB21F90FD100AD86E3 /* Frameworks */ = {
			isa = PBXFrameworksBuildPhase;
			buildActionMask = 2147483647;
			files = (
				9EBAEFE57A3F8766D74B0C7E /* Pods_chatTests.framework in Frameworks */,
			);
			runOnlyForDeploymentPostprocessing = 0;
		};
		8326BFB621F90FD100AD86E3 /* Frameworks */ = {
			isa = PBXFrameworksBuildPhase;
			buildActionMask = 2147483647;
			files = (
				600CE6C0C7580C15DABD4421 /* Pods_chatUITests.framework in Frameworks */,
			);
			runOnlyForDeploymentPostprocessing = 0;
		};
/* End PBXFrameworksBuildPhase section */

/* Begin PBXGroup section */
		8326BF9121F90FCF00AD86E3 = {
			isa = PBXGroup;
			children = (
				8326BF9C21F90FCF00AD86E3 /* chat */,
				8326BFB121F90FD100AD86E3 /* chatTests */,
				8326BFBC21F90FD100AD86E3 /* chatUITests */,
				8326BF9B21F90FCF00AD86E3 /* Products */,
				954686A64C9D5B8E0C4C431C /* Pods */,
				EE217B0651E6C1A8F54F4014 /* Frameworks */,
			);
			sourceTree = "<group>";
		};
		8326BF9B21F90FCF00AD86E3 /* Products */ = {
			isa = PBXGroup;
			children = (
				8326BF9A21F90FCF00AD86E3 /* chat.app */,
				8326BFAE21F90FD100AD86E3 /* chatTests.xctest */,
				8326BFB921F90FD100AD86E3 /* chatUITests.xctest */,
			);
			name = Products;
			sourceTree = "<group>";
		};
		8326BF9C21F90FCF00AD86E3 /* chat */ = {
			isa = PBXGroup;
			children = (
				8326BF9D21F90FCF00AD86E3 /* AppDelegate.swift */,
				8326BFCB21F93B1700AD86E3 /* SignUpViewController.swift */,
				835568B321FA348D0023AC98 /* LogInViewController.swift */,
				835568A521FA28D50023AC98 /* UsernameViewController.swift */,
				8326BF9F21F90FCF00AD86E3 /* ChatViewController.swift */,
				835568A721FA28EE0023AC98 /* SettingsViewController.swift */,
				8326BFA121F90FCF00AD86E3 /* Main.storyboard */,
				8326BFA421F90FD100AD86E3 /* Assets.xcassets */,
				8326BFA621F90FD100AD86E3 /* LaunchScreen.storyboard */,
				8326BFA921F90FD100AD86E3 /* Info.plist */,
				835568A121F9B7B90023AC98 /* GoogleService-Info.plist */,
			);
			path = chat;
			sourceTree = "<group>";
		};
		8326BFB121F90FD100AD86E3 /* chatTests */ = {
			isa = PBXGroup;
			children = (
				8326BFB221F90FD100AD86E3 /* chatTests.swift */,
				8326BFB421F90FD100AD86E3 /* Info.plist */,
			);
			path = chatTests;
			sourceTree = "<group>";
		};
		8326BFBC21F90FD100AD86E3 /* chatUITests */ = {
			isa = PBXGroup;
			children = (
				8326BFBD21F90FD100AD86E3 /* chatUITests.swift */,
				8326BFBF21F90FD100AD86E3 /* Info.plist */,
			);
			path = chatUITests;
			sourceTree = "<group>";
		};
		954686A64C9D5B8E0C4C431C /* Pods */ = {
			isa = PBXGroup;
			children = (
				8B2A16879B88DAED7EB4B531 /* Pods-chat.debug.xcconfig */,
				359C62D2C78FB07C22880731 /* Pods-chat.release.xcconfig */,
				7764D0614D5A1364B68E2884 /* Pods-chatTests.debug.xcconfig */,
				6C2B2208CCCF0AD8AF1B2269 /* Pods-chatTests.release.xcconfig */,
				266C265FBFB38C95F451EF74 /* Pods-chatUITests.debug.xcconfig */,
				02AD23EB2D4B688ED9749390 /* Pods-chatUITests.release.xcconfig */,
			);
			name = Pods;
			sourceTree = "<group>";
		};
		EE217B0651E6C1A8F54F4014 /* Frameworks */ = {
			isa = PBXGroup;
			children = (
				212562AB09D4F8871593B01B /* Pods_chat.framework */,
				48663CD51FC61BBC7F990E63 /* Pods_chatTests.framework */,
				3A1B06E641ED83426E4F0154 /* Pods_chatUITests.framework */,
			);
			name = Frameworks;
			sourceTree = "<group>";
		};
/* End PBXGroup section */

/* Begin PBXNativeTarget section */
		8326BF9921F90FCF00AD86E3 /* chat */ = {
			isa = PBXNativeTarget;
			buildConfigurationList = 8326BFC221F90FD100AD86E3 /* Build configuration list for PBXNativeTarget "chat" */;
			buildPhases = (
				52ABAFC706AB7F9D40AB3482 /* [CP] Check Pods Manifest.lock */,
				8326BF9621F90FCF00AD86E3 /* Sources */,
				8326BF9721F90FCF00AD86E3 /* Frameworks */,
				8326BF9821F90FCF00AD86E3 /* Resources */,
				6619FBD030BD58C39B59B10A /* [CP] Embed Pods Frameworks */,
				DBF32F3ED6206A97CEF2808F /* [CP] Copy Pods Resources */,
			);
			buildRules = (
			);
			dependencies = (
			);
			name = chat;
			productName = chat;
			productReference = 8326BF9A21F90FCF00AD86E3 /* chat.app */;
			productType = "com.apple.product-type.application";
		};
		8326BFAD21F90FD100AD86E3 /* chatTests */ = {
			isa = PBXNativeTarget;
			buildConfigurationList = 8326BFC521F90FD100AD86E3 /* Build configuration list for PBXNativeTarget "chatTests" */;
			buildPhases = (
				477DE5DD9251C253D5D2A9E1 /* [CP] Check Pods Manifest.lock */,
				8326BFAA21F90FD100AD86E3 /* Sources */,
				8326BFAB21F90FD100AD86E3 /* Frameworks */,
				8326BFAC21F90FD100AD86E3 /* Resources */,
			);
			buildRules = (
			);
			dependencies = (
				8326BFB021F90FD100AD86E3 /* PBXTargetDependency */,
			);
			name = chatTests;
			productName = chatTests;
			productReference = 8326BFAE21F90FD100AD86E3 /* chatTests.xctest */;
			productType = "com.apple.product-type.bundle.unit-test";
		};
		8326BFB821F90FD100AD86E3 /* chatUITests */ = {
			isa = PBXNativeTarget;
			buildConfigurationList = 8326BFC821F90FD100AD86E3 /* Build configuration list for PBXNativeTarget "chatUITests" */;
			buildPhases = (
				FA08CA7D275E0033D3F08543 /* [CP] Check Pods Manifest.lock */,
				8326BFB521F90FD100AD86E3 /* Sources */,
				8326BFB621F90FD100AD86E3 /* Frameworks */,
				8326BFB721F90FD100AD86E3 /* Resources */,
			);
			buildRules = (
			);
			dependencies = (
				8326BFBB21F90FD100AD86E3 /* PBXTargetDependency */,
			);
			name = chatUITests;
			productName = chatUITests;
			productReference = 8326BFB921F90FD100AD86E3 /* chatUITests.xctest */;
			productType = "com.apple.product-type.bundle.ui-testing";
		};
/* End PBXNativeTarget section */

/* Begin PBXProject section */
		8326BF9221F90FCF00AD86E3 /* Project object */ = {
			isa = PBXProject;
			attributes = {
				LastSwiftUpdateCheck = 1010;
				LastUpgradeCheck = 1010;
				ORGANIZATIONNAME = com;
				TargetAttributes = {
					8326BF9921F90FCF00AD86E3 = {
						CreatedOnToolsVersion = 10.1;
					};
					8326BFAD21F90FD100AD86E3 = {
						CreatedOnToolsVersion = 10.1;
						TestTargetID = 8326BF9921F90FCF00AD86E3;
					};
					8326BFB821F90FD100AD86E3 = {
						CreatedOnToolsVersion = 10.1;
						TestTargetID = 8326BF9921F90FCF00AD86E3;
					};
				};
			};
			buildConfigurationList = 8326BF9521F90FCF00AD86E3 /* Build configuration list for PBXProject "chat" */;
			compatibilityVersion = "Xcode 9.3";
			developmentRegion = en;
			hasScannedForEncodings = 0;
			knownRegions = (
				en,
				Base,
			);
			mainGroup = 8326BF9121F90FCF00AD86E3;
			productRefGroup = 8326BF9B21F90FCF00AD86E3 /* Products */;
			projectDirPath = "";
			projectRoot = "";
			targets = (
				8326BF9921F90FCF00AD86E3 /* chat */,
				8326BFAD21F90FD100AD86E3 /* chatTests */,
				8326BFB821F90FD100AD86E3 /* chatUITests */,
			);
		};
/* End PBXProject section */

/* Begin PBXResourcesBuildPhase section */
		8326BF9821F90FCF00AD86E3 /* Resources */ = {
			isa = PBXResourcesBuildPhase;
			buildActionMask = 2147483647;
			files = (
				8326BFA821F90FD100AD86E3 /* LaunchScreen.storyboard in Resources */,
				835568A221F9B7B90023AC98 /* GoogleService-Info.plist in Resources */,
				8326BFA521F90FD100AD86E3 /* Assets.xcassets in Resources */,
				8326BFA321F90FCF00AD86E3 /* Main.storyboard in Resources */,
			);
			runOnlyForDeploymentPostprocessing = 0;
		};
		8326BFAC21F90FD100AD86E3 /* Resources */ = {
			isa = PBXResourcesBuildPhase;
			buildActionMask = 2147483647;
			files = (
			);
			runOnlyForDeploymentPostprocessing = 0;
		};
		8326BFB721F90FD100AD86E3 /* Resources */ = {
			isa = PBXResourcesBuildPhase;
			buildActionMask = 2147483647;
			files = (
			);
			runOnlyForDeploymentPostprocessing = 0;
		};
/* End PBXResourcesBuildPhase section */

/* Begin PBXShellScriptBuildPhase section */
		477DE5DD9251C253D5D2A9E1 /* [CP] Check Pods Manifest.lock */ = {
			isa = PBXShellScriptBuildPhase;
			buildActionMask = 2147483647;
			files = (
			);
			inputFileListPaths = (
			);
			inputPaths = (
				"${PODS_PODFILE_DIR_PATH}/Podfile.lock",
				"${PODS_ROOT}/Manifest.lock",
			);
			name = "[CP] Check Pods Manifest.lock";
			outputFileListPaths = (
			);
			outputPaths = (
				"$(DERIVED_FILE_DIR)/Pods-chatTests-checkManifestLockResult.txt",
			);
			runOnlyForDeploymentPostprocessing = 0;
			shellPath = /bin/sh;
			shellScript = "diff \"${PODS_PODFILE_DIR_PATH}/Podfile.lock\" \"${PODS_ROOT}/Manifest.lock\" > /dev/null\nif [ $? != 0 ] ; then\n    # print error to STDERR\n    echo \"error: The sandbox is not in sync with the Podfile.lock. Run 'pod install' or update your CocoaPods installation.\" >&2\n    exit 1\nfi\n# This output is used by Xcode 'outputs' to avoid re-running this script phase.\necho \"SUCCESS\" > \"${SCRIPT_OUTPUT_FILE_0}\"\n";
			showEnvVarsInLog = 0;
		};
		52ABAFC706AB7F9D40AB3482 /* [CP] Check Pods Manifest.lock */ = {
			isa = PBXShellScriptBuildPhase;
			buildActionMask = 2147483647;
			files = (
			);
			inputFileListPaths = (
			);
			inputPaths = (
				"${PODS_PODFILE_DIR_PATH}/Podfile.lock",
				"${PODS_ROOT}/Manifest.lock",
			);
			name = "[CP] Check Pods Manifest.lock";
			outputFileListPaths = (
			);
			outputPaths = (
				"$(DERIVED_FILE_DIR)/Pods-chat-checkManifestLockResult.txt",
			);
			runOnlyForDeploymentPostprocessing = 0;
			shellPath = /bin/sh;
			shellScript = "diff \"${PODS_PODFILE_DIR_PATH}/Podfile.lock\" \"${PODS_ROOT}/Manifest.lock\" > /dev/null\nif [ $? != 0 ] ; then\n    # print error to STDERR\n    echo \"error: The sandbox is not in sync with the Podfile.lock. Run 'pod install' or update your CocoaPods installation.\" >&2\n    exit 1\nfi\n# This output is used by Xcode 'outputs' to avoid re-running this script phase.\necho \"SUCCESS\" > \"${SCRIPT_OUTPUT_FILE_0}\"\n";
			showEnvVarsInLog = 0;
		};
		6619FBD030BD58C39B59B10A /* [CP] Embed Pods Frameworks */ = {
			isa = PBXShellScriptBuildPhase;
			buildActionMask = 2147483647;
			files = (
			);
			inputFileListPaths = (
			);
			inputPaths = (
				"${SRCROOT}/Pods/Target Support Files/Pods-chat/Pods-chat-frameworks.sh",
				"${BUILT_PRODUCTS_DIR}/BoringSSL/openssl.framework",
				"${BUILT_PRODUCTS_DIR}/GTMSessionFetcher/GTMSessionFetcher.framework",
				"${BUILT_PRODUCTS_DIR}/GoogleUtilities/GoogleUtilities.framework",
				"${BUILT_PRODUCTS_DIR}/MessageInputBar/MessageInputBar.framework",
				"${BUILT_PRODUCTS_DIR}/MessageKit/MessageKit.framework",
				"${BUILT_PRODUCTS_DIR}/Protobuf/Protobuf.framework",
				"${BUILT_PRODUCTS_DIR}/gRPC-C++/grpcpp.framework",
				"${BUILT_PRODUCTS_DIR}/gRPC-Core/grpc.framework",
				"${BUILT_PRODUCTS_DIR}/leveldb-library/leveldb.framework",
				"${BUILT_PRODUCTS_DIR}/nanopb/nanopb.framework",
			);
			name = "[CP] Embed Pods Frameworks";
			outputFileListPaths = (
			);
			outputPaths = (
				"${TARGET_BUILD_DIR}/${FRAMEWORKS_FOLDER_PATH}/openssl.framework",
				"${TARGET_BUILD_DIR}/${FRAMEWORKS_FOLDER_PATH}/GTMSessionFetcher.framework",
				"${TARGET_BUILD_DIR}/${FRAMEWORKS_FOLDER_PATH}/GoogleUtilities.framework",
				"${TARGET_BUILD_DIR}/${FRAMEWORKS_FOLDER_PATH}/MessageInputBar.framework",
				"${TARGET_BUILD_DIR}/${FRAMEWORKS_FOLDER_PATH}/MessageKit.framework",
				"${TARGET_BUILD_DIR}/${FRAMEWORKS_FOLDER_PATH}/Protobuf.framework",
				"${TARGET_BUILD_DIR}/${FRAMEWORKS_FOLDER_PATH}/grpcpp.framework",
				"${TARGET_BUILD_DIR}/${FRAMEWORKS_FOLDER_PATH}/grpc.framework",
				"${TARGET_BUILD_DIR}/${FRAMEWORKS_FOLDER_PATH}/leveldb.framework",
				"${TARGET_BUILD_DIR}/${FRAMEWORKS_FOLDER_PATH}/nanopb.framework",
			);
			runOnlyForDeploymentPostprocessing = 0;
			shellPath = /bin/sh;
			shellScript = "\"${SRCROOT}/Pods/Target Support Files/Pods-chat/Pods-chat-frameworks.sh\"\n";
			showEnvVarsInLog = 0;
		};
		DBF32F3ED6206A97CEF2808F /* [CP] Copy Pods Resources */ = {
			isa = PBXShellScriptBuildPhase;
			buildActionMask = 2147483647;
			files = (
			);
			inputFileListPaths = (
			);
			inputPaths = (
				"${SRCROOT}/Pods/Target Support Files/Pods-chat/Pods-chat-resources.sh",
				"${PODS_ROOT}/AccountKit/AccountKitStrings.bundle",
				"${PODS_CONFIGURATION_BUILD_DIR}/FirebaseFirestore/gRPCCertificates-Firestore.bundle",
			);
			name = "[CP] Copy Pods Resources";
			outputFileListPaths = (
			);
			outputPaths = (
				"${TARGET_BUILD_DIR}/${UNLOCALIZED_RESOURCES_FOLDER_PATH}/AccountKitStrings.bundle",
				"${TARGET_BUILD_DIR}/${UNLOCALIZED_RESOURCES_FOLDER_PATH}/gRPCCertificates-Firestore.bundle",
			);
			runOnlyForDeploymentPostprocessing = 0;
			shellPath = /bin/sh;
			shellScript = "\"${SRCROOT}/Pods/Target Support Files/Pods-chat/Pods-chat-resources.sh\"\n";
			showEnvVarsInLog = 0;
		};
		FA08CA7D275E0033D3F08543 /* [CP] Check Pods Manifest.lock */ = {
			isa = PBXShellScriptBuildPhase;
			buildActionMask = 2147483647;
			files = (
			);
			inputFileListPaths = (
			);
			inputPaths = (
				"${PODS_PODFILE_DIR_PATH}/Podfile.lock",
				"${PODS_ROOT}/Manifest.lock",
			);
			name = "[CP] Check Pods Manifest.lock";
			outputFileListPaths = (
			);
			outputPaths = (
				"$(DERIVED_FILE_DIR)/Pods-chatUITests-checkManifestLockResult.txt",
			);
			runOnlyForDeploymentPostprocessing = 0;
			shellPath = /bin/sh;
			shellScript = "diff \"${PODS_PODFILE_DIR_PATH}/Podfile.lock\" \"${PODS_ROOT}/Manifest.lock\" > /dev/null\nif [ $? != 0 ] ; then\n    # print error to STDERR\n    echo \"error: The sandbox is not in sync with the Podfile.lock. Run 'pod install' or update your CocoaPods installation.\" >&2\n    exit 1\nfi\n# This output is used by Xcode 'outputs' to avoid re-running this script phase.\necho \"SUCCESS\" > \"${SCRIPT_OUTPUT_FILE_0}\"\n";
			showEnvVarsInLog = 0;
		};
/* End PBXShellScriptBuildPhase section */

/* Begin PBXSourcesBuildPhase section */
		8326BF9621F90FCF00AD86E3 /* Sources */ = {
			isa = PBXSourcesBuildPhase;
			buildActionMask = 2147483647;
			files = (
				835568A621FA28D50023AC98 /* UsernameViewController.swift in Sources */,
				8326BFA021F90FCF00AD86E3 /* ChatViewController.swift in Sources */,
				835568B421FA348D0023AC98 /* LogInViewController.swift in Sources */,
				8326BF9E21F90FCF00AD86E3 /* AppDelegate.swift in Sources */,
				8326BFCC21F93B1700AD86E3 /* SignUpViewController.swift in Sources */,
				835568A821FA28EE0023AC98 /* SettingsViewController.swift in Sources */,
			);
			runOnlyForDeploymentPostprocessing = 0;
		};
		8326BFAA21F90FD100AD86E3 /* Sources */ = {
			isa = PBXSourcesBuildPhase;
			buildActionMask = 2147483647;
			files = (
				8326BFB321F90FD100AD86E3 /* chatTests.swift in Sources */,
			);
			runOnlyForDeploymentPostprocessing = 0;
		};
		8326BFB521F90FD100AD86E3 /* Sources */ = {
			isa = PBXSourcesBuildPhase;
			buildActionMask = 2147483647;
			files = (
				8326BFBE21F90FD100AD86E3 /* chatUITests.swift in Sources */,
			);
			runOnlyForDeploymentPostprocessing = 0;
		};
/* End PBXSourcesBuildPhase section */

/* Begin PBXTargetDependency section */
		8326BFB021F90FD100AD86E3 /* PBXTargetDependency */ = {
			isa = PBXTargetDependency;
			target = 8326BF9921F90FCF00AD86E3 /* chat */;
			targetProxy = 8326BFAF21F90FD100AD86E3 /* PBXContainerItemProxy */;
		};
		8326BFBB21F90FD100AD86E3 /* PBXTargetDependency */ = {
			isa = PBXTargetDependency;
			target = 8326BF9921F90FCF00AD86E3 /* chat */;
			targetProxy = 8326BFBA21F90FD100AD86E3 /* PBXContainerItemProxy */;
		};
/* End PBXTargetDependency section */

/* Begin PBXVariantGroup section */
		8326BFA121F90FCF00AD86E3 /* Main.storyboard */ = {
			isa = PBXVariantGroup;
			children = (
				8326BFA221F90FCF00AD86E3 /* Base */,
			);
			name = Main.storyboard;
			sourceTree = "<group>";
		};
		8326BFA621F90FD100AD86E3 /* LaunchScreen.storyboard */ = {
			isa = PBXVariantGroup;
			children = (
				8326BFA721F90FD100AD86E3 /* Base */,
			);
			name = LaunchScreen.storyboard;
			sourceTree = "<group>";
		};
/* End PBXVariantGroup section */

/* Begin XCBuildConfiguration section */
		8326BFC021F90FD100AD86E3 /* Debug */ = {
			isa = XCBuildConfiguration;
			buildSettings = {
				ALWAYS_SEARCH_USER_PATHS = NO;
				CLANG_ANALYZER_NONNULL = YES;
				CLANG_ANALYZER_NUMBER_OBJECT_CONVERSION = YES_AGGRESSIVE;
				CLANG_CXX_LANGUAGE_STANDARD = "gnu++14";
				CLANG_CXX_LIBRARY = "libc++";
				CLANG_ENABLE_MODULES = YES;
				CLANG_ENABLE_OBJC_ARC = YES;
				CLANG_ENABLE_OBJC_WEAK = YES;
				CLANG_WARN_BLOCK_CAPTURE_AUTORELEASING = YES;
				CLANG_WARN_BOOL_CONVERSION = YES;
				CLANG_WARN_COMMA = YES;
				CLANG_WARN_CONSTANT_CONVERSION = YES;
				CLANG_WARN_DEPRECATED_OBJC_IMPLEMENTATIONS = YES;
				CLANG_WARN_DIRECT_OBJC_ISA_USAGE = YES_ERROR;
				CLANG_WARN_DOCUMENTATION_COMMENTS = YES;
				CLANG_WARN_EMPTY_BODY = YES;
				CLANG_WARN_ENUM_CONVERSION = YES;
				CLANG_WARN_INFINITE_RECURSION = YES;
				CLANG_WARN_INT_CONVERSION = YES;
				CLANG_WARN_NON_LITERAL_NULL_CONVERSION = YES;
				CLANG_WARN_OBJC_IMPLICIT_RETAIN_SELF = YES;
				CLANG_WARN_OBJC_LITERAL_CONVERSION = YES;
				CLANG_WARN_OBJC_ROOT_CLASS = YES_ERROR;
				CLANG_WARN_RANGE_LOOP_ANALYSIS = YES;
				CLANG_WARN_STRICT_PROTOTYPES = YES;
				CLANG_WARN_SUSPICIOUS_MOVE = YES;
				CLANG_WARN_UNGUARDED_AVAILABILITY = YES_AGGRESSIVE;
				CLANG_WARN_UNREACHABLE_CODE = YES;
				CLANG_WARN__DUPLICATE_METHOD_MATCH = YES;
				CODE_SIGN_IDENTITY = "iPhone Developer";
				COPY_PHASE_STRIP = NO;
				DEBUG_INFORMATION_FORMAT = dwarf;
				ENABLE_STRICT_OBJC_MSGSEND = YES;
				ENABLE_TESTABILITY = YES;
				GCC_C_LANGUAGE_STANDARD = gnu11;
				GCC_DYNAMIC_NO_PIC = NO;
				GCC_NO_COMMON_BLOCKS = YES;
				GCC_OPTIMIZATION_LEVEL = 0;
				GCC_PREPROCESSOR_DEFINITIONS = (
					"DEBUG=1",
					"$(inherited)",
				);
				GCC_WARN_64_TO_32_BIT_CONVERSION = YES;
				GCC_WARN_ABOUT_RETURN_TYPE = YES_ERROR;
				GCC_WARN_UNDECLARED_SELECTOR = YES;
				GCC_WARN_UNINITIALIZED_AUTOS = YES_AGGRESSIVE;
				GCC_WARN_UNUSED_FUNCTION = YES;
				GCC_WARN_UNUSED_VARIABLE = YES;
				IPHONEOS_DEPLOYMENT_TARGET = 12.1;
				MTL_ENABLE_DEBUG_INFO = INCLUDE_SOURCE;
				MTL_FAST_MATH = YES;
				ONLY_ACTIVE_ARCH = YES;
				SDKROOT = iphoneos;
				SWIFT_ACTIVE_COMPILATION_CONDITIONS = DEBUG;
				SWIFT_OPTIMIZATION_LEVEL = "-Onone";
			};
			name = Debug;
		};
		8326BFC121F90FD100AD86E3 /* Release */ = {
			isa = XCBuildConfiguration;
			buildSettings = {
				ALWAYS_SEARCH_USER_PATHS = NO;
				CLANG_ANALYZER_NONNULL = YES;
				CLANG_ANALYZER_NUMBER_OBJECT_CONVERSION = YES_AGGRESSIVE;
				CLANG_CXX_LANGUAGE_STANDARD = "gnu++14";
				CLANG_CXX_LIBRARY = "libc++";
				CLANG_ENABLE_MODULES = YES;
				CLANG_ENABLE_OBJC_ARC = YES;
				CLANG_ENABLE_OBJC_WEAK = YES;
				CLANG_WARN_BLOCK_CAPTURE_AUTORELEASING = YES;
				CLANG_WARN_BOOL_CONVERSION = YES;
				CLANG_WARN_COMMA = YES;
				CLANG_WARN_CONSTANT_CONVERSION = YES;
				CLANG_WARN_DEPRECATED_OBJC_IMPLEMENTATIONS = YES;
				CLANG_WARN_DIRECT_OBJC_ISA_USAGE = YES_ERROR;
				CLANG_WARN_DOCUMENTATION_COMMENTS = YES;
				CLANG_WARN_EMPTY_BODY = YES;
				CLANG_WARN_ENUM_CONVERSION = YES;
				CLANG_WARN_INFINITE_RECURSION = YES;
				CLANG_WARN_INT_CONVERSION = YES;
				CLANG_WARN_NON_LITERAL_NULL_CONVERSION = YES;
				CLANG_WARN_OBJC_IMPLICIT_RETAIN_SELF = YES;
				CLANG_WARN_OBJC_LITERAL_CONVERSION = YES;
				CLANG_WARN_OBJC_ROOT_CLASS = YES_ERROR;
				CLANG_WARN_RANGE_LOOP_ANALYSIS = YES;
				CLANG_WARN_STRICT_PROTOTYPES = YES;
				CLANG_WARN_SUSPICIOUS_MOVE = YES;
				CLANG_WARN_UNGUARDED_AVAILABILITY = YES_AGGRESSIVE;
				CLANG_WARN_UNREACHABLE_CODE = YES;
				CLANG_WARN__DUPLICATE_METHOD_MATCH = YES;
				CODE_SIGN_IDENTITY = "iPhone Developer";
				COPY_PHASE_STRIP = NO;
				DEBUG_INFORMATION_FORMAT = "dwarf-with-dsym";
				ENABLE_NS_ASSERTIONS = NO;
				ENABLE_STRICT_OBJC_MSGSEND = YES;
				GCC_C_LANGUAGE_STANDARD = gnu11;
				GCC_NO_COMMON_BLOCKS = YES;
				GCC_WARN_64_TO_32_BIT_CONVERSION = YES;
				GCC_WARN_ABOUT_RETURN_TYPE = YES_ERROR;
				GCC_WARN_UNDECLARED_SELECTOR = YES;
				GCC_WARN_UNINITIALIZED_AUTOS = YES_AGGRESSIVE;
				GCC_WARN_UNUSED_FUNCTION = YES;
				GCC_WARN_UNUSED_VARIABLE = YES;
				IPHONEOS_DEPLOYMENT_TARGET = 12.1;
				MTL_ENABLE_DEBUG_INFO = NO;
				MTL_FAST_MATH = YES;
				SDKROOT = iphoneos;
				SWIFT_COMPILATION_MODE = wholemodule;
				SWIFT_OPTIMIZATION_LEVEL = "-O";
				VALIDATE_PRODUCT = YES;
			};
			name = Release;
		};
		8326BFC321F90FD100AD86E3 /* Debug */ = {
			isa = XCBuildConfiguration;
			baseConfigurationReference = 8B2A16879B88DAED7EB4B531 /* Pods-chat.debug.xcconfig */;
			buildSettings = {
				ASSETCATALOG_COMPILER_APPICON_NAME = AppIcon;
				CODE_SIGN_STYLE = Automatic;
				DEVELOPMENT_TEAM = WVUX7X2RG6;
				INFOPLIST_FILE = chat/Info.plist;
				LD_RUNPATH_SEARCH_PATHS = (
					"$(inherited)",
					"@executable_path/Frameworks",
				);
				PRODUCT_BUNDLE_IDENTIFIER = com.chat1234;
				PRODUCT_NAME = "$(TARGET_NAME)";
				SWIFT_VERSION = 4.2;
				TARGETED_DEVICE_FAMILY = "1,2";
			};
			name = Debug;
		};
		8326BFC421F90FD100AD86E3 /* Release */ = {
			isa = XCBuildConfiguration;
			baseConfigurationReference = 359C62D2C78FB07C22880731 /* Pods-chat.release.xcconfig */;
			buildSettings = {
				ASSETCATALOG_COMPILER_APPICON_NAME = AppIcon;
				CODE_SIGN_STYLE = Automatic;
				DEVELOPMENT_TEAM = WVUX7X2RG6;
				INFOPLIST_FILE = chat/Info.plist;
				LD_RUNPATH_SEARCH_PATHS = (
					"$(inherited)",
					"@executable_path/Frameworks",
				);
				PRODUCT_BUNDLE_IDENTIFIER = com.chat1234;
				PRODUCT_NAME = "$(TARGET_NAME)";
				SWIFT_VERSION = 4.2;
				TARGETED_DEVICE_FAMILY = "1,2";
			};
			name = Release;
		};
		8326BFC621F90FD100AD86E3 /* Debug */ = {
			isa = XCBuildConfiguration;
			baseConfigurationReference = 7764D0614D5A1364B68E2884 /* Pods-chatTests.debug.xcconfig */;
			buildSettings = {
				ALWAYS_EMBED_SWIFT_STANDARD_LIBRARIES = YES;
				BUNDLE_LOADER = "$(TEST_HOST)";
				CODE_SIGN_STYLE = Automatic;
				DEVELOPMENT_TEAM = WVUX7X2RG6;
				INFOPLIST_FILE = chatTests/Info.plist;
				LD_RUNPATH_SEARCH_PATHS = (
					"$(inherited)",
					"@executable_path/Frameworks",
					"@loader_path/Frameworks",
				);
				PRODUCT_BUNDLE_IDENTIFIER = com.chatTests;
				PRODUCT_NAME = "$(TARGET_NAME)";
				SWIFT_VERSION = 4.2;
				TARGETED_DEVICE_FAMILY = "1,2";
				TEST_HOST = "$(BUILT_PRODUCTS_DIR)/chat.app/chat";
			};
			name = Debug;
		};
		8326BFC721F90FD100AD86E3 /* Release */ = {
			isa = XCBuildConfiguration;
			baseConfigurationReference = 6C2B2208CCCF0AD8AF1B2269 /* Pods-chatTests.release.xcconfig */;
			buildSettings = {
				ALWAYS_EMBED_SWIFT_STANDARD_LIBRARIES = YES;
				BUNDLE_LOADER = "$(TEST_HOST)";
				CODE_SIGN_STYLE = Automatic;
				DEVELOPMENT_TEAM = WVUX7X2RG6;
				INFOPLIST_FILE = chatTests/Info.plist;
				LD_RUNPATH_SEARCH_PATHS = (
					"$(inherited)",
					"@executable_path/Frameworks",
					"@loader_path/Frameworks",
				);
				PRODUCT_BUNDLE_IDENTIFIER = com.chatTests;
				PRODUCT_NAME = "$(TARGET_NAME)";
				SWIFT_VERSION = 4.2;
				TARGETED_DEVICE_FAMILY = "1,2";
				TEST_HOST = "$(BUILT_PRODUCTS_DIR)/chat.app/chat";
			};
			name = Release;
		};
		8326BFC921F90FD100AD86E3 /* Debug */ = {
			isa = XCBuildConfiguration;
			baseConfigurationReference = 266C265FBFB38C95F451EF74 /* Pods-chatUITests.debug.xcconfig */;
			buildSettings = {
				ALWAYS_EMBED_SWIFT_STANDARD_LIBRARIES = YES;
				CODE_SIGN_STYLE = Automatic;
				DEVELOPMENT_TEAM = WVUX7X2RG6;
				INFOPLIST_FILE = chatUITests/Info.plist;
				LD_RUNPATH_SEARCH_PATHS = (
					"$(inherited)",
					"@executable_path/Frameworks",
					"@loader_path/Frameworks",
				);
				PRODUCT_BUNDLE_IDENTIFIER = com.chatUITests;
				PRODUCT_NAME = "$(TARGET_NAME)";
				SWIFT_VERSION = 4.2;
				TARGETED_DEVICE_FAMILY = "1,2";
				TEST_TARGET_NAME = chat;
			};
			name = Debug;
		};
		8326BFCA21F90FD100AD86E3 /* Release */ = {
			isa = XCBuildConfiguration;
			baseConfigurationReference = 02AD23EB2D4B688ED9749390 /* Pods-chatUITests.release.xcconfig */;
			buildSettings = {
				ALWAYS_EMBED_SWIFT_STANDARD_LIBRARIES = YES;
				CODE_SIGN_STYLE = Automatic;
				DEVELOPMENT_TEAM = WVUX7X2RG6;
				INFOPLIST_FILE = chatUITests/Info.plist;
				LD_RUNPATH_SEARCH_PATHS = (
					"$(inherited)",
					"@executable_path/Frameworks",
					"@loader_path/Frameworks",
				);
				PRODUCT_BUNDLE_IDENTIFIER = com.chatUITests;
				PRODUCT_NAME = "$(TARGET_NAME)";
				SWIFT_VERSION = 4.2;
				TARGETED_DEVICE_FAMILY = "1,2";
				TEST_TARGET_NAME = chat;
			};
			name = Release;
		};
/* End XCBuildConfiguration section */

/* Begin XCConfigurationList section */
		8326BF9521F90FCF00AD86E3 /* Build configuration list for PBXProject "chat" */ = {
			isa = XCConfigurationList;
			buildConfigurations = (
				8326BFC021F90FD100AD86E3 /* Debug */,
				8326BFC121F90FD100AD86E3 /* Release */,
			);
			defaultConfigurationIsVisible = 0;
			defaultConfigurationName = Release;
		};
		8326BFC221F90FD100AD86E3 /* Build configuration list for PBXNativeTarget "chat" */ = {
			isa = XCConfigurationList;
			buildConfigurations = (
				8326BFC321F90FD100AD86E3 /* Debug */,
				8326BFC421F90FD100AD86E3 /* Release */,
			);
			defaultConfigurationIsVisible = 0;
			defaultConfigurationName = Release;
		};
		8326BFC521F90FD100AD86E3 /* Build configuration list for PBXNativeTarget "chatTests" */ = {
			isa = XCConfigurationList;
			buildConfigurations = (
				8326BFC621F90FD100AD86E3 /* Debug */,
				8326BFC721F90FD100AD86E3 /* Release */,
			);
			defaultConfigurationIsVisible = 0;
			defaultConfigurationName = Release;
		};
		8326BFC821F90FD100AD86E3 /* Build configuration list for PBXNativeTarget "chatUITests" */ = {
			isa = XCConfigurationList;
			buildConfigurations = (
				8326BFC921F90FD100AD86E3 /* Debug */,
				8326BFCA21F90FD100AD86E3 /* Release */,
			);
			defaultConfigurationIsVisible = 0;
			defaultConfigurationName = Release;
		};
/* End XCConfigurationList section */
	};
	rootObject = 8326BF9221F90FCF00AD86E3 /* Project object */;
}
